
Microsoft Visual Studio Solution File, Format Version 12.00
# Visual Studio Version 17
VisualStudioVersion = 17.8.34408.163
MinimumVisualStudioVersion = 10.0.40219.1
Project("{9A19103F-16F7-4668-BE54-9A1E7A4F7556}") = "THUC HANH 3", "THUC HANH 3.csproj", "{D00EE880-BA78-4C18-9120-F1C13C6CB00D}"
EndProject
Global
	GlobalSection(SolutionConfigurationPlatforms) = preSolution
		Debug|Any CPU = Debug|Any CPU
		Release|Any CPU = Release|Any CPU
	EndGlobalSection
	GlobalSection(ProjectConfigurationPlatforms) = postSolution
		{D00EE880-BA78-4C18-9120-F1C13C6CB00D}.Debug|Any CPU.ActiveCfg = Debug|Any CPU
		{D00EE880-BA78-4C18-9120-F1C13C6CB00D}.Debug|Any CPU.Build.0 = Debug|Any CPU
		{D00EE880-BA78-4C18-9120-F1C13C6CB00D}.Release|Any CPU.ActiveCfg = Release|Any CPU
		{D00EE880-BA78-4C18-9120-F1C13C6CB00D}.Release|Any CPU.Build.0 = Release|Any CPU
	EndGlobalSection
	GlobalSection(SolutionProperties) = preSolution
		HideSolutionNode = FALSE
	EndGlobalSection
	GlobalSection(ExtensibilityGlobals) = postSolution
		SolutionGuid = {F1660DBA-E3A4-4F7B-92CD-C26AADB7C14F}
	EndGlobalSection
EndGlobal
